
Microsoft Visual Studio Solution File, Format Version 12.00
# Visual Studio Version 16
VisualStudioVersion = 16.0.29326.143
MinimumVisualStudioVersion = 10.0.40219.1
Project("{9A19103F-16F7-4668-BE54-9A1E7A4F7556}") = "JournalForSecurity", "JournalForSecurity\JournalForSecurity.csproj", "{6780A0D5-B61E-49EB-9CBD-866668ADC49B}"
EndProject
Global
	GlobalSection(SolutionConfigurationPlatforms) = preSolution
		Debug|Any CPU = Debug|Any CPU
		Release|Any CPU = Release|Any CPU
	EndGlobalSection
	GlobalSection(ProjectConfigurationPlatforms) = postSolution
		{6780A0D5-B61E-49EB-9CBD-866668ADC49B}.Debug|Any CPU.ActiveCfg = Debug|Any CPU
		{6780A0D5-B61E-49EB-9CBD-866668ADC49B}.Debug|Any CPU.Build.0 = Debug|Any CPU
		{6780A0D5-B61E-49EB-9CBD-866668ADC49B}.Release|Any CPU.ActiveCfg = Release|Any CPU
		{6780A0D5-B61E-49EB-9CBD-866668ADC49B}.Release|Any CPU.Build.0 = Release|Any CPU
	EndGlobalSection
	GlobalSection(SolutionProperties) = preSolution
		HideSolutionNode = FALSE
	EndGlobalSection
	GlobalSection(ExtensibilityGlobals) = postSolution
		SolutionGuid = {66598CD4-8E7B-4AD8-A1EB-979409CAA431}
	EndGlobalSection
EndGlobal
